
Microsoft Visual Studio Solution File, Format Version 12.00
# Visual Studio Version 16
VisualStudioVersion = 16.0.29926.136
MinimumVisualStudioVersion = 10.0.40219.1
Project("{8BC9CEB8-8B4A-11D0-8D11-00A0C91BC942}") = "0408", "0408\0408.vcxproj", "{12D0D234-DE0A-408E-A56F-B5394B3C7B6E}"
EndProject
Global
	GlobalSection(SolutionConfigurationPlatforms) = preSolution
		Debug|x64 = Debug|x64
		Debug|x86 = Debug|x86
		Release|x64 = Release|x64
		Release|x86 = Release|x86
	EndGlobalSection
	GlobalSection(ProjectConfigurationPlatforms) = postSolution
		{12D0D234-DE0A-408E-A56F-B5394B3C7B6E}.Debug|x64.ActiveCfg = Debug|x64
		{12D0D234-DE0A-408E-A56F-B5394B3C7B6E}.Debug|x64.Build.0 = Debug|x64
		{12D0D234-DE0A-408E-A56F-B5394B3C7B6E}.Debug|x86.ActiveCfg = Debug|Win32
		{12D0D234-DE0A-408E-A56F-B5394B3C7B6E}.Debug|x86.Build.0 = Debug|Win32
		{12D0D234-DE0A-408E-A56F-B5394B3C7B6E}.Release|x64.ActiveCfg = Release|x64
		{12D0D234-DE0A-408E-A56F-B5394B3C7B6E}.Release|x64.Build.0 = Release|x64
		{12D0D234-DE0A-408E-A56F-B5394B3C7B6E}.Release|x86.ActiveCfg = Release|Win32
		{12D0D234-DE0A-408E-A56F-B5394B3C7B6E}.Release|x86.Build.0 = Release|Win32
	EndGlobalSection
	GlobalSection(SolutionProperties) = preSolution
		HideSolutionNode = FALSE
	EndGlobalSection
	GlobalSection(ExtensibilityGlobals) = postSolution
		SolutionGuid = {42D7CC33-B03B-4358-B156-E5CE1900F6E7}
	EndGlobalSection
EndGlobal
