
Microsoft Visual Studio Solution File, Format Version 12.00
# Visual Studio Version 16
VisualStudioVersion = 16.0.30011.22
MinimumVisualStudioVersion = 10.0.40219.1
Project("{8BC9CEB8-8B4A-11D0-8D11-00A0C91BC942}") = "0528", "0528\0528.vcxproj", "{A975D73D-DF34-4C3B-B959-1DE9FD0F3302}"
EndProject
Global
	GlobalSection(SolutionConfigurationPlatforms) = preSolution
		Debug|x64 = Debug|x64
		Debug|x86 = Debug|x86
		Release|x64 = Release|x64
		Release|x86 = Release|x86
	EndGlobalSection
	GlobalSection(ProjectConfigurationPlatforms) = postSolution
		{A975D73D-DF34-4C3B-B959-1DE9FD0F3302}.Debug|x64.ActiveCfg = Debug|x64
		{A975D73D-DF34-4C3B-B959-1DE9FD0F3302}.Debug|x64.Build.0 = Debug|x64
		{A975D73D-DF34-4C3B-B959-1DE9FD0F3302}.Debug|x86.ActiveCfg = Debug|Win32
		{A975D73D-DF34-4C3B-B959-1DE9FD0F3302}.Debug|x86.Build.0 = Debug|Win32
		{A975D73D-DF34-4C3B-B959-1DE9FD0F3302}.Release|x64.ActiveCfg = Release|x64
		{A975D73D-DF34-4C3B-B959-1DE9FD0F3302}.Release|x64.Build.0 = Release|x64
		{A975D73D-DF34-4C3B-B959-1DE9FD0F3302}.Release|x86.ActiveCfg = Release|Win32
		{A975D73D-DF34-4C3B-B959-1DE9FD0F3302}.Release|x86.Build.0 = Release|Win32
	EndGlobalSection
	GlobalSection(SolutionProperties) = preSolution
		HideSolutionNode = FALSE
	EndGlobalSection
	GlobalSection(ExtensibilityGlobals) = postSolution
		SolutionGuid = {05A9E557-B226-4C3B-83E0-70305C7F4F29}
	EndGlobalSection
EndGlobal
