
Microsoft Visual Studio Solution File, Format Version 12.00
# Visual Studio Version 16
VisualStudioVersion = 16.0.29920.165
MinimumVisualStudioVersion = 10.0.40219.1
Project("{8BC9CEB8-8B4A-11D0-8D11-00A0C91BC942}") = "0330", "0330\0330.vcxproj", "{640543A8-69C5-4699-B549-0482D1B2A507}"
EndProject
Global
	GlobalSection(SolutionConfigurationPlatforms) = preSolution
		Debug|x64 = Debug|x64
		Debug|x86 = Debug|x86
		Release|x64 = Release|x64
		Release|x86 = Release|x86
	EndGlobalSection
	GlobalSection(ProjectConfigurationPlatforms) = postSolution
		{640543A8-69C5-4699-B549-0482D1B2A507}.Debug|x64.ActiveCfg = Debug|x64
		{640543A8-69C5-4699-B549-0482D1B2A507}.Debug|x64.Build.0 = Debug|x64
		{640543A8-69C5-4699-B549-0482D1B2A507}.Debug|x86.ActiveCfg = Debug|Win32
		{640543A8-69C5-4699-B549-0482D1B2A507}.Debug|x86.Build.0 = Debug|Win32
		{640543A8-69C5-4699-B549-0482D1B2A507}.Release|x64.ActiveCfg = Release|x64
		{640543A8-69C5-4699-B549-0482D1B2A507}.Release|x64.Build.0 = Release|x64
		{640543A8-69C5-4699-B549-0482D1B2A507}.Release|x86.ActiveCfg = Release|Win32
		{640543A8-69C5-4699-B549-0482D1B2A507}.Release|x86.Build.0 = Release|Win32
	EndGlobalSection
	GlobalSection(SolutionProperties) = preSolution
		HideSolutionNode = FALSE
	EndGlobalSection
	GlobalSection(ExtensibilityGlobals) = postSolution
		SolutionGuid = {52C21EAA-1BBA-4652-AA54-976DAF4CC2B9}
	EndGlobalSection
EndGlobal
