
Microsoft Visual Studio Solution File, Format Version 12.00
# Visual Studio Version 16
VisualStudioVersion = 16.0.29911.84
MinimumVisualStudioVersion = 10.0.40219.1
Project("{8BC9CEB8-8B4A-11D0-8D11-00A0C91BC942}") = "0601계좌관리프로그램", "0601계좌관리프로그램\0601계좌관리프로그램.vcxproj", "{93DD48F1-9FD4-4EC3-8F84-005E00BEF5DD}"
EndProject
Global
	GlobalSection(SolutionConfigurationPlatforms) = preSolution
		Debug|x64 = Debug|x64
		Debug|x86 = Debug|x86
		Release|x64 = Release|x64
		Release|x86 = Release|x86
	EndGlobalSection
	GlobalSection(ProjectConfigurationPlatforms) = postSolution
		{93DD48F1-9FD4-4EC3-8F84-005E00BEF5DD}.Debug|x64.ActiveCfg = Debug|x64
		{93DD48F1-9FD4-4EC3-8F84-005E00BEF5DD}.Debug|x64.Build.0 = Debug|x64
		{93DD48F1-9FD4-4EC3-8F84-005E00BEF5DD}.Debug|x86.ActiveCfg = Debug|Win32
		{93DD48F1-9FD4-4EC3-8F84-005E00BEF5DD}.Debug|x86.Build.0 = Debug|Win32
		{93DD48F1-9FD4-4EC3-8F84-005E00BEF5DD}.Release|x64.ActiveCfg = Release|x64
		{93DD48F1-9FD4-4EC3-8F84-005E00BEF5DD}.Release|x64.Build.0 = Release|x64
		{93DD48F1-9FD4-4EC3-8F84-005E00BEF5DD}.Release|x86.ActiveCfg = Release|Win32
		{93DD48F1-9FD4-4EC3-8F84-005E00BEF5DD}.Release|x86.Build.0 = Release|Win32
	EndGlobalSection
	GlobalSection(SolutionProperties) = preSolution
		HideSolutionNode = FALSE
	EndGlobalSection
	GlobalSection(ExtensibilityGlobals) = postSolution
		SolutionGuid = {5C4D8466-FCD0-4DD0-B807-D3CE3160C7FF}
	EndGlobalSection
EndGlobal
